
Microsoft Visual Studio Solution File, Format Version 12.00
# Visual Studio Version 17
VisualStudioVersion = 17.6.33815.320
MinimumVisualStudioVersion = 10.0.40219.1
Project("{FAE04EC0-301F-11D3-BF4B-00C04F79EFBC}") = "lab2.2", "lab2.2.csproj", "{09A8B1BB-6142-4961-A85C-84CA291A1519}"
EndProject
Global
	GlobalSection(SolutionConfigurationPlatforms) = preSolution
		Debug|Any CPU = Debug|Any CPU
		Release|Any CPU = Release|Any CPU
	EndGlobalSection
	GlobalSection(ProjectConfigurationPlatforms) = postSolution
		{09A8B1BB-6142-4961-A85C-84CA291A1519}.Debug|Any CPU.ActiveCfg = Debug|Any CPU
		{09A8B1BB-6142-4961-A85C-84CA291A1519}.Debug|Any CPU.Build.0 = Debug|Any CPU
		{09A8B1BB-6142-4961-A85C-84CA291A1519}.Release|Any CPU.ActiveCfg = Release|Any CPU
		{09A8B1BB-6142-4961-A85C-84CA291A1519}.Release|Any CPU.Build.0 = Release|Any CPU
	EndGlobalSection
	GlobalSection(SolutionProperties) = preSolution
		HideSolutionNode = FALSE
	EndGlobalSection
	GlobalSection(ExtensibilityGlobals) = postSolution
		SolutionGuid = {F7CB3333-3744-4B99-B18C-CA7BAB47A54A}
	EndGlobalSection
EndGlobal
